
Microsoft Visual Studio Solution File, Format Version 12.00
# Visual Studio Version 16
VisualStudioVersion = 16.0.30413.136
MinimumVisualStudioVersion = 10.0.40219.1
Project("{FAE04EC0-301F-11D3-BF4B-00C04F79EFBC}") = "PrimeiroForm", "PrimeiroForm\PrimeiroForm.csproj", "{EE029D69-443C-4F58-B178-43DDD0B604EE}"
EndProject
Global
	GlobalSection(SolutionConfigurationPlatforms) = preSolution
		Debug|Any CPU = Debug|Any CPU
		Release|Any CPU = Release|Any CPU
	EndGlobalSection
	GlobalSection(ProjectConfigurationPlatforms) = postSolution
		{EE029D69-443C-4F58-B178-43DDD0B604EE}.Debug|Any CPU.ActiveCfg = Debug|Any CPU
		{EE029D69-443C-4F58-B178-43DDD0B604EE}.Debug|Any CPU.Build.0 = Debug|Any CPU
		{EE029D69-443C-4F58-B178-43DDD0B604EE}.Release|Any CPU.ActiveCfg = Release|Any CPU
		{EE029D69-443C-4F58-B178-43DDD0B604EE}.Release|Any CPU.Build.0 = Release|Any CPU
	EndGlobalSection
	GlobalSection(SolutionProperties) = preSolution
		HideSolutionNode = FALSE
	EndGlobalSection
	GlobalSection(ExtensibilityGlobals) = postSolution
		SolutionGuid = {72C9719E-B146-4C7E-AF5D-4DEEB1BE0462}
	EndGlobalSection
EndGlobal
